# This file is automatically @generated by Cargo.
# It is not intended for manual editing.
version = 4

[[package]]
name = "card_game"
version = "0.1.0"
dependencies = [
 "deranged",
 "rand",
]

[[package]]
name = "deranged"
version = "0.5.8"
source = "registry+https://github.com/rust-lang/crates.io-index"
checksum = "7cd812cc2bc1d69d4764bd80df88b4317eaef9e773c75226407d9bc0876b211c"

[[package]]
name = "rand"
version = "0.10.1"
source = "registry+https://github.com/rust-lang/crates.io-index"
checksum = "d2e8e8bcc7961af1fdac401278c6a831614941f6164ee3bf4ce61b7edb162207"
dependencies = [
 "rand_core",
]

[[package]]
name = "rand_core"
version = "0.10.1"
source = "registry+https://github.com/rust-lang/crates.io-index"
checksum = "63b8176103e19a2643978565ca18b50549f6101881c443590420e4dc998a3c69"
